{
  "name": "paddle-payment-practise",
  "lockfileVersion": 3,
  "requires": true,
  "packages": {
    "": {
      "dependencies": {
        "@paddle/paddle-js": "^0.5.4"
      }
    },
    "node_modules/@paddle/paddle-js": {
      "version": "0.5.4",
      "resolved": "https://registry.npmjs.org/@paddle/paddle-js/-/paddle-js-0.5.4.tgz",
      "integrity": "sha512-ohkjXFWetZnYluQHcL0ohuLcFTBiLaH41FbXG/elAujBNCX771iqS+VGo05nfB98TH530Idcfu4OM+V6eW0ruw=="
    }
  }
}
